
Microsoft Visual Studio Solution File, Format Version 12.00
# Visual Studio Version 16
VisualStudioVersion = 16.0.30011.22
MinimumVisualStudioVersion = 10.0.40219.1
Project("{FAE04EC0-301F-11D3-BF4B-00C04F79EFBC}") = "Portal", "WebApplicationIdentity\Portal.csproj", "{974DD0A2-4774-4099-B17A-245DB0668EF1}"
EndProject
Project("{2150E333-8FDC-42A3-9474-1A3956D46DE8}") = "2. Aplicação", "2. Aplicação", "{CD73D281-C1BC-4842-95E4-A18D6243A4A3}"
EndProject
Project("{2150E333-8FDC-42A3-9474-1A3956D46DE8}") = "3.Domain", "3.Domain", "{1EC48B59-0FA8-4566-BDAE-EE73325ACA3F}"
EndProject
Project("{FAE04EC0-301F-11D3-BF4B-00C04F79EFBC}") = "Portal.Dominio", "BD\Portal.Dominio.csproj", "{CC42E41B-49BB-48DF-8A4C-D58DB8D58CEA}"
EndProject
Project("{2150E333-8FDC-42A3-9474-1A3956D46DE8}") = "4.1 Data", "4.1 Data", "{0BBE9E33-E407-4601-8ADF-7D1B25E85090}"
EndProject
Project("{FAE04EC0-301F-11D3-BF4B-00C04F79EFBC}") = "4.Portal.Repository", "Repository\4.Portal.Repository.csproj", "{CD61FCEB-6DD5-4E8F-8BC0-DD81B1F0D2D0}"
EndProject
Project("{2150E333-8FDC-42A3-9474-1A3956D46DE8}") = "1. Business", "1. Business", "{B7923DD4-2278-445F-9C1B-7B5F27576EC9}"
EndProject
Project("{FAE04EC0-301F-11D3-BF4B-00C04F79EFBC}") = "Portal.Business", "Business\Portal.Business.csproj", "{F2CCB8E7-2A5E-4CC2-92DC-3FF941F4F66B}"
EndProject
Project("{2150E333-8FDC-42A3-9474-1A3956D46DE8}") = "0. Presentation", "0. Presentation", "{8B033382-42FD-499C-94B8-53B44F9BB7FA}"
EndProject
Project("{FAE04EC0-301F-11D3-BF4B-00C04F79EFBC}") = "Portal.App", "Treinamento.App\Portal.App.csproj", "{C57DFFE2-9410-4156-BF4D-005065EA019A}"
EndProject
Project("{2150E333-8FDC-42A3-9474-1A3956D46DE8}") = "4. Infra", "4. Infra", "{8B71B92D-B54F-422B-879E-B08602245D98}"
EndProject
Project("{2150E333-8FDC-42A3-9474-1A3956D46DE8}") = "4.1 Crosscutting", "4.1 Crosscutting", "{40CA4168-E2EE-4244-AC8A-E4FEBA02656B}"
EndProject
Project("{FAE04EC0-301F-11D3-BF4B-00C04F79EFBC}") = "Portal.IOC", "Treinamento.IOC\Portal.IOC.csproj", "{90AC6993-6E3F-4F55-A4D5-4821769229A5}"
EndProject
Project("{FAE04EC0-301F-11D3-BF4B-00C04F79EFBC}") = "Portal.BD", "Portal.Data\Portal.BD.csproj", "{FD57D1B2-79B2-45F5-B96F-7E892788821B}"
EndProject
Global
	GlobalSection(SolutionConfigurationPlatforms) = preSolution
		Debug|Any CPU = Debug|Any CPU
		Release|Any CPU = Release|Any CPU
	EndGlobalSection
	GlobalSection(ProjectConfigurationPlatforms) = postSolution
		{974DD0A2-4774-4099-B17A-245DB0668EF1}.Debug|Any CPU.ActiveCfg = Debug|Any CPU
		{974DD0A2-4774-4099-B17A-245DB0668EF1}.Debug|Any CPU.Build.0 = Debug|Any CPU
		{974DD0A2-4774-4099-B17A-245DB0668EF1}.Release|Any CPU.ActiveCfg = Release|Any CPU
		{974DD0A2-4774-4099-B17A-245DB0668EF1}.Release|Any CPU.Build.0 = Release|Any CPU
		{CC42E41B-49BB-48DF-8A4C-D58DB8D58CEA}.Debug|Any CPU.ActiveCfg = Debug|Any CPU
		{CC42E41B-49BB-48DF-8A4C-D58DB8D58CEA}.Debug|Any CPU.Build.0 = Debug|Any CPU
		{CC42E41B-49BB-48DF-8A4C-D58DB8D58CEA}.Release|Any CPU.ActiveCfg = Release|Any CPU
		{CC42E41B-49BB-48DF-8A4C-D58DB8D58CEA}.Release|Any CPU.Build.0 = Release|Any CPU
		{CD61FCEB-6DD5-4E8F-8BC0-DD81B1F0D2D0}.Debug|Any CPU.ActiveCfg = Debug|Any CPU
		{CD61FCEB-6DD5-4E8F-8BC0-DD81B1F0D2D0}.Debug|Any CPU.Build.0 = Debug|Any CPU
		{CD61FCEB-6DD5-4E8F-8BC0-DD81B1F0D2D0}.Release|Any CPU.ActiveCfg = Release|Any CPU
		{CD61FCEB-6DD5-4E8F-8BC0-DD81B1F0D2D0}.Release|Any CPU.Build.0 = Release|Any CPU
		{F2CCB8E7-2A5E-4CC2-92DC-3FF941F4F66B}.Debug|Any CPU.ActiveCfg = Debug|Any CPU
		{F2CCB8E7-2A5E-4CC2-92DC-3FF941F4F66B}.Debug|Any CPU.Build.0 = Debug|Any CPU
		{F2CCB8E7-2A5E-4CC2-92DC-3FF941F4F66B}.Release|Any CPU.ActiveCfg = Release|Any CPU
		{F2CCB8E7-2A5E-4CC2-92DC-3FF941F4F66B}.Release|Any CPU.Build.0 = Release|Any CPU
		{C57DFFE2-9410-4156-BF4D-005065EA019A}.Debug|Any CPU.ActiveCfg = Debug|Any CPU
		{C57DFFE2-9410-4156-BF4D-005065EA019A}.Debug|Any CPU.Build.0 = Debug|Any CPU
		{C57DFFE2-9410-4156-BF4D-005065EA019A}.Release|Any CPU.ActiveCfg = Release|Any CPU
		{C57DFFE2-9410-4156-BF4D-005065EA019A}.Release|Any CPU.Build.0 = Release|Any CPU
		{90AC6993-6E3F-4F55-A4D5-4821769229A5}.Debug|Any CPU.ActiveCfg = Debug|Any CPU
		{90AC6993-6E3F-4F55-A4D5-4821769229A5}.Debug|Any CPU.Build.0 = Debug|Any CPU
		{90AC6993-6E3F-4F55-A4D5-4821769229A5}.Release|Any CPU.ActiveCfg = Release|Any CPU
		{90AC6993-6E3F-4F55-A4D5-4821769229A5}.Release|Any CPU.Build.0 = Release|Any CPU
		{FD57D1B2-79B2-45F5-B96F-7E892788821B}.Debug|Any CPU.ActiveCfg = Debug|Any CPU
		{FD57D1B2-79B2-45F5-B96F-7E892788821B}.Debug|Any CPU.Build.0 = Debug|Any CPU
		{FD57D1B2-79B2-45F5-B96F-7E892788821B}.Release|Any CPU.ActiveCfg = Release|Any CPU
		{FD57D1B2-79B2-45F5-B96F-7E892788821B}.Release|Any CPU.Build.0 = Release|Any CPU
	EndGlobalSection
	GlobalSection(SolutionProperties) = preSolution
		HideSolutionNode = FALSE
	EndGlobalSection
	GlobalSection(NestedProjects) = preSolution
		{974DD0A2-4774-4099-B17A-245DB0668EF1} = {8B033382-42FD-499C-94B8-53B44F9BB7FA}
		{CC42E41B-49BB-48DF-8A4C-D58DB8D58CEA} = {1EC48B59-0FA8-4566-BDAE-EE73325ACA3F}
		{0BBE9E33-E407-4601-8ADF-7D1B25E85090} = {8B71B92D-B54F-422B-879E-B08602245D98}
		{CD61FCEB-6DD5-4E8F-8BC0-DD81B1F0D2D0} = {0BBE9E33-E407-4601-8ADF-7D1B25E85090}
		{F2CCB8E7-2A5E-4CC2-92DC-3FF941F4F66B} = {B7923DD4-2278-445F-9C1B-7B5F27576EC9}
		{C57DFFE2-9410-4156-BF4D-005065EA019A} = {CD73D281-C1BC-4842-95E4-A18D6243A4A3}
		{40CA4168-E2EE-4244-AC8A-E4FEBA02656B} = {8B71B92D-B54F-422B-879E-B08602245D98}
		{90AC6993-6E3F-4F55-A4D5-4821769229A5} = {40CA4168-E2EE-4244-AC8A-E4FEBA02656B}
		{FD57D1B2-79B2-45F5-B96F-7E892788821B} = {0BBE9E33-E407-4601-8ADF-7D1B25E85090}
	EndGlobalSection
	GlobalSection(ExtensibilityGlobals) = postSolution
		SolutionGuid = {FE94F58A-180C-4AD3-9FB2-D751E6EE6834}
	EndGlobalSection
EndGlobal
